// !$*UTF8*$!
{
	archiveVersion = 1;
	classes = {
	};
	objectVersion = 50;
	objects = {

/* Begin PBXBuildFile section */
		6A00907924B23048007F1EBD /* AppDelegate.swift in Sources */ = {isa = PBXBuildFile; fileRef = 6A00907824B23048007F1EBD /* AppDelegate.swift */; };
		6A00907D24B23048007F1EBD /* ViewController.swift in Sources */ = {isa = PBXBuildFile; fileRef = 6A00907C24B23048007F1EBD /* ViewController.swift */; };
		6A00908024B23048007F1EBD /* Main.storyboard in Resources */ = {isa = PBXBuildFile; fileRef = 6A00907E24B23048007F1EBD /* Main.storyboard */; };
		6A00908224B2304E007F1EBD /* Assets.xcassets in Resources */ = {isa = PBXBuildFile; fileRef = 6A00908124B2304E007F1EBD /* Assets.xcassets */; };
		6A00908524B2304E007F1EBD /* LaunchScreen.storyboard in Resources */ = {isa = PBXBuildFile; fileRef = 6A00908324B2304E007F1EBD /* LaunchScreen.storyboard */; };
		6A00908D24B230C6007F1EBD /* Fruit.plist in Resources */ = {isa = PBXBuildFile; fileRef = 6A00908C24B230C6007F1EBD /* Fruit.plist */; };
		6A00908F24B23609007F1EBD /* Fruit.swift in Sources */ = {isa = PBXBuildFile; fileRef = 6A00908E24B23609007F1EBD /* Fruit.swift */; };
/* End PBXBuildFile section */

/* Begin PBXFileReference section */
		6A00907524B23048007F1EBD /* PListTest.app */ = {isa = PBXFileReference; explicitFileType = wrapper.application; includeInIndex = 0; path = PListTest.app; sourceTree = BUILT_PRODUCTS_DIR; };
		6A00907824B23048007F1EBD /* AppDelegate.swift */ = {isa = PBXFileReference; lastKnownFileType = sourcecode.swift; path = AppDelegate.swift; sourceTree = "<group>"; };
		6A00907C24B23048007F1EBD /* ViewController.swift */ = {isa = PBXFileReference; lastKnownFileType = sourcecode.swift; path = ViewController.swift; sourceTree = "<group>"; };
		6A00907F24B23048007F1EBD /* Base */ = {isa = PBXFileReference; lastKnownFileType = file.storyboard; name = Base; path = Base.lproj/Main.storyboard; sourceTree = "<group>"; };
		6A00908124B2304E007F1EBD /* Assets.xcassets */ = {isa = PBXFileReference; lastKnownFileType = folder.assetcatalog; path = Assets.xcassets; sourceTree = "<group>"; };
		6A00908424B2304E007F1EBD /* Base */ = {isa = PBXFileReference; lastKnownFileType = file.storyboard; name = Base; path = Base.lproj/LaunchScreen.storyboard; sourceTree = "<group>"; };
		6A00908624B2304E007F1EBD /* Info.plist */ = {isa = PBXFileReference; lastKnownFileType = text.plist.xml; path = Info.plist; sourceTree = "<group>"; };
		6A00908C24B230C6007F1EBD /* Fruit.plist */ = {isa = PBXFileReference; lastKnownFileType = text.plist.xml; path = Fruit.plist; sourceTree = "<group>"; };
		6A00908E24B23609007F1EBD /* Fruit.swift */ = {isa = PBXFileReference; lastKnownFileType = sourcecode.swift; path = Fruit.swift; sourceTree = "<group>"; };
/* End PBXFileReference section */

/* Begin PBXFrameworksBuildPhase section */
		6A00907224B23048007F1EBD /* Frameworks */ = {
			isa = PBXFrameworksBuildPhase;
			buildActionMask = 2147483647;
			files = (
			);
			runOnlyForDeploymentPostprocessing = 0;
		};
/* End PBXFrameworksBuildPhase section */

/* Begin PBXGroup section */
		6A00906C24B23048007F1EBD = {
			isa = PBXGroup;
			children = (
				6A00907724B23048007F1EBD /* PListTest */,
				6A00907624B23048007F1EBD /* Products */,
			);
			sourceTree = "<group>";
		};
		6A00907624B23048007F1EBD /* Products */ = {
			isa = PBXGroup;
			children = (
				6A00907524B23048007F1EBD /* PListTest.app */,
			);
			name = Products;
			sourceTree = "<group>";
		};
		6A00907724B23048007F1EBD /* PListTest */ = {
			isa = PBXGroup;
			children = (
				6A00908C24B230C6007F1EBD /* Fruit.plist */,
				6A00907824B23048007F1EBD /* AppDelegate.swift */,
				6A00907C24B23048007F1EBD /* ViewController.swift */,
				6A00907E24B23048007F1EBD /* Main.storyboard */,
				6A00908124B2304E007F1EBD /* Assets.xcassets */,
				6A00908324B2304E007F1EBD /* LaunchScreen.storyboard */,
				6A00908624B2304E007F1EBD /* Info.plist */,
				6A00908E24B23609007F1EBD /* Fruit.swift */,
			);
			path = PListTest;
			sourceTree = "<group>";
		};
/* End PBXGroup section */

/* Begin PBXNativeTarget section */
		6A00907424B23048007F1EBD /* PListTest */ = {
			isa = PBXNativeTarget;
			buildConfigurationList = 6A00908924B2304E007F1EBD /* Build configuration list for PBXNativeTarget "PListTest" */;
			buildPhases = (
				6A00907124B23048007F1EBD /* Sources */,
				6A00907224B23048007F1EBD /* Frameworks */,
				6A00907324B23048007F1EBD /* Resources */,
			);
			buildRules = (
			);
			dependencies = (
			);
			name = PListTest;
			productName = PListTest;
			productReference = 6A00907524B23048007F1EBD /* PListTest.app */;
			productType = "com.apple.product-type.application";
		};
/* End PBXNativeTarget section */

/* Begin PBXProject section */
		6A00906D24B23048007F1EBD /* Project object */ = {
			isa = PBXProject;
			attributes = {
				LastSwiftUpdateCheck = 1140;
				LastUpgradeCheck = 1140;
				ORGANIZATIONNAME = "Naw Su Su Nyein";
				TargetAttributes = {
					6A00907424B23048007F1EBD = {
						CreatedOnToolsVersion = 11.4;
					};
				};
			};
			buildConfigurationList = 6A00907024B23048007F1EBD /* Build configuration list for PBXProject "PListTest" */;
			compatibilityVersion = "Xcode 9.3";
			developmentRegion = en;
			hasScannedForEncodings = 0;
			knownRegions = (
				en,
				Base,
			);
			mainGroup = 6A00906C24B23048007F1EBD;
			productRefGroup = 6A00907624B23048007F1EBD /* Products */;
			projectDirPath = "";
			projectRoot = "";
			targets = (
				6A00907424B23048007F1EBD /* PListTest */,
			);
		};
/* End PBXProject section */

/* Begin PBXResourcesBuildPhase section */
		6A00907324B23048007F1EBD /* Resources */ = {
			isa = PBXResourcesBuildPhase;
			buildActionMask = 2147483647;
			files = (
				6A00908524B2304E007F1EBD /* LaunchScreen.storyboard in Resources */,
				6A00908224B2304E007F1EBD /* Assets.xcassets in Resources */,
				6A00908024B23048007F1EBD /* Main.storyboard in Resources */,
				6A00908D24B230C6007F1EBD /* Fruit.plist in Resources */,
			);
			runOnlyForDeploymentPostprocessing = 0;
		};
/* End PBXResourcesBuildPhase section */

/* Begin PBXSourcesBuildPhase section */
		6A00907124B23048007F1EBD /* Sources */ = {
			isa = PBXSourcesBuildPhase;
			buildActionMask = 2147483647;
			files = (
				6A00908F24B23609007F1EBD /* Fruit.swift in Sources */,
				6A00907D24B23048007F1EBD /* ViewController.swift in Sources */,
				6A00907924B23048007F1EBD /* AppDelegate.swift in Sources */,
			);
			runOnlyForDeploymentPostprocessing = 0;
		};
/* End PBXSourcesBuildPhase section */

/* Begin PBXVariantGroup section */
		6A00907E24B23048007F1EBD /* Main.storyboard */ = {
			isa = PBXVariantGroup;
			children = (
				6A00907F24B23048007F1EBD /* Base */,
			);
			name = Main.storyboard;
			sourceTree = "<group>";
		};
		6A00908324B2304E007F1EBD /* LaunchScreen.storyboard */ = {
			isa = PBXVariantGroup;
			children = (
				6A00908424B2304E007F1EBD /* Base */,
			);
			name = LaunchScreen.storyboard;
			sourceTree = "<group>";
		};
/* End PBXVariantGroup section */

/* Begin XCBuildConfiguration section */
		6A00908724B2304E007F1EBD /* Debug */ = {
			isa = XCBuildConfiguration;
			buildSettings = {
				ALWAYS_SEARCH_USER_PATHS = NO;
				CLANG_ANALYZER_NONNULL = YES;
				CLANG_ANALYZER_NUMBER_OBJECT_CONVERSION = YES_AGGRESSIVE;
				CLANG_CXX_LANGUAGE_STANDARD = "gnu++14";
				CLANG_CXX_LIBRARY = "libc++";
				CLANG_ENABLE_MODULES = YES;
				CLANG_ENABLE_OBJC_ARC = YES;
				CLANG_ENABLE_OBJC_WEAK = YES;
				CLANG_WARN_BLOCK_CAPTURE_AUTORELEASING = YES;
				CLANG_WARN_BOOL_CONVERSION = YES;
				CLANG_WARN_COMMA = YES;
				CLANG_WARN_CONSTANT_CONVERSION = YES;
				CLANG_WARN_DEPRECATED_OBJC_IMPLEMENTATIONS = YES;
				CLANG_WARN_DIRECT_OBJC_ISA_USAGE = YES_ERROR;
				CLANG_WARN_DOCUMENTATION_COMMENTS = YES;
				CLANG_WARN_EMPTY_BODY = YES;
				CLANG_WARN_ENUM_CONVERSION = YES;
				CLANG_WARN_INFINITE_RECURSION = YES;
				CLANG_WARN_INT_CONVERSION = YES;
				CLANG_WARN_NON_LITERAL_NULL_CONVERSION = YES;
				CLANG_WARN_OBJC_IMPLICIT_RETAIN_SELF = YES;
				CLANG_WARN_OBJC_LITERAL_CONVERSION = YES;
				CLANG_WARN_OBJC_ROOT_CLASS = YES_ERROR;
				CLANG_WARN_RANGE_LOOP_ANALYSIS = YES;
				CLANG_WARN_STRICT_PROTOTYPES = YES;
				CLANG_WARN_SUSPICIOUS_MOVE = YES;
				CLANG_WARN_UNGUARDED_AVAILABILITY = YES_AGGRESSIVE;
				CLANG_WARN_UNREACHABLE_CODE = YES;
				CLANG_WARN__DUPLICATE_METHOD_MATCH = YES;
				COPY_PHASE_STRIP = NO;
				DEBUG_INFORMATION_FORMAT = dwarf;
				ENABLE_STRICT_OBJC_MSGSEND = YES;
				ENABLE_TESTABILITY = YES;
				GCC_C_LANGUAGE_STANDARD = gnu11;
				GCC_DYNAMIC_NO_PIC = NO;
				GCC_NO_COMMON_BLOCKS = YES;
				GCC_OPTIMIZATION_LEVEL = 0;
				GCC_PREPROCESSOR_DEFINITIONS = (
					"DEBUG=1",
					"$(inherited)",
				);
				GCC_WARN_64_TO_32_BIT_CONVERSION = YES;
				GCC_WARN_ABOUT_RETURN_TYPE = YES_ERROR;
				GCC_WARN_UNDECLARED_SELECTOR = YES;
				GCC_WARN_UNINITIALIZED_AUTOS = YES_AGGRESSIVE;
				GCC_WARN_UNUSED_FUNCTION = YES;
				GCC_WARN_UNUSED_VARIABLE = YES;
				IPHONEOS_DEPLOYMENT_TARGET = 13.4;
				MTL_ENABLE_DEBUG_INFO = INCLUDE_SOURCE;
				MTL_FAST_MATH = YES;
				ONLY_ACTIVE_ARCH = YES;
				SDKROOT = iphoneos;
				SWIFT_ACTIVE_COMPILATION_CONDITIONS = DEBUG;
				SWIFT_OPTIMIZATION_LEVEL = "-Onone";
			};
			name = Debug;
		};
		6A00908824B2304E007F1EBD /* Release */ = {
			isa = XCBuildConfiguration;
			buildSettings = {
				ALWAYS_SEARCH_USER_PATHS = NO;
				CLANG_ANALYZER_NONNULL = YES;
				CLANG_ANALYZER_NUMBER_OBJECT_CONVERSION = YES_AGGRESSIVE;
				CLANG_CXX_LANGUAGE_STANDARD = "gnu++14";
				CLANG_CXX_LIBRARY = "libc++";
				CLANG_ENABLE_MODULES = YES;
				CLANG_ENABLE_OBJC_ARC = YES;
				CLANG_ENABLE_OBJC_WEAK = YES;
				CLANG_WARN_BLOCK_CAPTURE_AUTORELEASING = YES;
				CLANG_WARN_BOOL_CONVERSION = YES;
				CLANG_WARN_COMMA = YES;
				CLANG_WARN_CONSTANT_CONVERSION = YES;
				CLANG_WARN_DEPRECATED_OBJC_IMPLEMENTATIONS = YES;
				CLANG_WARN_DIRECT_OBJC_ISA_USAGE = YES_ERROR;
				CLANG_WARN_DOCUMENTATION_COMMENTS = YES;
				CLANG_WARN_EMPTY_BODY = YES;
				CLANG_WARN_ENUM_CONVERSION = YES;
				CLANG_WARN_INFINITE_RECURSION = YES;
				CLANG_WARN_INT_CONVERSION = YES;
				CLANG_WARN_NON_LITERAL_NULL_CONVERSION = YES;
				CLANG_WARN_OBJC_IMPLICIT_RETAIN_SELF = YES;
				CLANG_WARN_OBJC_LITERAL_CONVERSION = YES;
				CLANG_WARN_OBJC_ROOT_CLASS = YES_ERROR;
				CLANG_WARN_RANGE_LOOP_ANALYSIS = YES;
				CLANG_WARN_STRICT_PROTOTYPES = YES;
				CLANG_WARN_SUSPICIOUS_MOVE = YES;
				CLANG_WARN_UNGUARDED_AVAILABILITY = YES_AGGRESSIVE;
				CLANG_WARN_UNREACHABLE_CODE = YES;
				CLANG_WARN__DUPLICATE_METHOD_MATCH = YES;
				COPY_PHASE_STRIP = NO;
				DEBUG_INFORMATION_FORMAT = "dwarf-with-dsym";
				ENABLE_NS_ASSERTIONS = NO;
				ENABLE_STRICT_OBJC_MSGSEND = YES;
				GCC_C_LANGUAGE_STANDARD = gnu11;
				GCC_NO_COMMON_BLOCKS = YES;
				GCC_WARN_64_TO_32_BIT_CONVERSION = YES;
				GCC_WARN_ABOUT_RETURN_TYPE = YES_ERROR;
				GCC_WARN_UNDECLARED_SELECTOR = YES;
				GCC_WARN_UNINITIALIZED_AUTOS = YES_AGGRESSIVE;
				GCC_WARN_UNUSED_FUNCTION = YES;
				GCC_WARN_UNUSED_VARIABLE = YES;
				IPHONEOS_DEPLOYMENT_TARGET = 13.4;
				MTL_ENABLE_DEBUG_INFO = NO;
				MTL_FAST_MATH = YES;
				SDKROOT = iphoneos;
				SWIFT_COMPILATION_MODE = wholemodule;
				SWIFT_OPTIMIZATION_LEVEL = "-O";
				VALIDATE_PRODUCT = YES;
			};
			name = Release;
		};
		6A00908A24B2304E007F1EBD /* Debug */ = {
			isa = XCBuildConfiguration;
			buildSettings = {
				ASSETCATALOG_COMPILER_APPICON_NAME = AppIcon;
				CODE_SIGN_STYLE = Automatic;
				INFOPLIST_FILE = PListTest/Info.plist;
				LD_RUNPATH_SEARCH_PATHS = (
					"$(inherited)",
					"@executable_path/Frameworks",
				);
				PRODUCT_BUNDLE_IDENTIFIER = SuSu.PListTest;
				PRODUCT_NAME = "$(TARGET_NAME)";
				SWIFT_VERSION = 5.0;
				TARGETED_DEVICE_FAMILY = "1,2";
			};
			name = Debug;
		};
		6A00908B24B2304E007F1EBD /* Release */ = {
			isa = XCBuildConfiguration;
			buildSettings = {
				ASSETCATALOG_COMPILER_APPICON_NAME = AppIcon;
				CODE_SIGN_STYLE = Automatic;
				INFOPLIST_FILE = PListTest/Info.plist;
				LD_RUNPATH_SEARCH_PATHS = (
					"$(inherited)",
					"@executable_path/Frameworks",
				);
				PRODUCT_BUNDLE_IDENTIFIER = SuSu.PListTest;
				PRODUCT_NAME = "$(TARGET_NAME)";
				SWIFT_VERSION = 5.0;
				TARGETED_DEVICE_FAMILY = "1,2";
			};
			name = Release;
		};
/* End XCBuildConfiguration section */

/* Begin XCConfigurationList section */
		6A00907024B23048007F1EBD /* Build configuration list for PBXProject "PListTest" */ = {
			isa = XCConfigurationList;
			buildConfigurations = (
				6A00908724B2304E007F1EBD /* Debug */,
				6A00908824B2304E007F1EBD /* Release */,
			);
			defaultConfigurationIsVisible = 0;
			defaultConfigurationName = Release;
		};
		6A00908924B2304E007F1EBD /* Build configuration list for PBXNativeTarget "PListTest" */ = {
			isa = XCConfigurationList;
			buildConfigurations = (
				6A00908A24B2304E007F1EBD /* Debug */,
				6A00908B24B2304E007F1EBD /* Release */,
			);
			defaultConfigurationIsVisible = 0;
			defaultConfigurationName = Release;
		};
/* End XCConfigurationList section */
	};
	rootObject = 6A00906D24B23048007F1EBD /* Project object */;
}
